
Microsoft Visual Studio Solution File, Format Version 12.00
# Visual Studio 15
VisualStudioVersion = 15.0.27703.2035
MinimumVisualStudioVersion = 10.0.40219.1
Project("{9A19103F-16F7-4668-BE54-9A1E7A4F7556}") = "AWSRedrive", "..\Projects\AWSRedrive\AWSRedrive.csproj", "{CAA948CC-0E15-4496-9A41-832A2C3098E8}"
EndProject
Project("{9A19103F-16F7-4668-BE54-9A1E7A4F7556}") = "AWSRedrive.Tests.Unit", "..\Tests\AWSRedrive.Tests.Unit\AWSRedrive.Tests.Unit.csproj", "{6B422BB6-3E44-45D3-A3C4-42B3642347CB}"
EndProject
Project("{9A19103F-16F7-4668-BE54-9A1E7A4F7556}") = "AWSRedrive.Test.Integration", "..\Tests\AWSRedrive.Test.Integration\AWSRedrive.Test.Integration.csproj", "{CFBC20E8-1750-492C-A8AB-B7ACF303B1DF}"
EndProject
Project("{FAE04EC0-301F-11D3-BF4B-00C04F79EFBC}") = "AWSRedrive.console", "..\Projects\AWSRedrive.console\AWSRedrive.console.csproj", "{59142692-91A2-447F-A3C5-43C1EE40393A}"
EndProject
Global
	GlobalSection(SolutionConfigurationPlatforms) = preSolution
		Debug|Any CPU = Debug|Any CPU
		Release|Any CPU = Release|Any CPU
	EndGlobalSection
	GlobalSection(ProjectConfigurationPlatforms) = postSolution
		{CAA948CC-0E15-4496-9A41-832A2C3098E8}.Debug|Any CPU.ActiveCfg = Debug|Any CPU
		{CAA948CC-0E15-4496-9A41-832A2C3098E8}.Debug|Any CPU.Build.0 = Debug|Any CPU
		{CAA948CC-0E15-4496-9A41-832A2C3098E8}.Release|Any CPU.ActiveCfg = Release|Any CPU
		{CAA948CC-0E15-4496-9A41-832A2C3098E8}.Release|Any CPU.Build.0 = Release|Any CPU
		{6B422BB6-3E44-45D3-A3C4-42B3642347CB}.Debug|Any CPU.ActiveCfg = Debug|Any CPU
		{6B422BB6-3E44-45D3-A3C4-42B3642347CB}.Debug|Any CPU.Build.0 = Debug|Any CPU
		{6B422BB6-3E44-45D3-A3C4-42B3642347CB}.Release|Any CPU.ActiveCfg = Release|Any CPU
		{6B422BB6-3E44-45D3-A3C4-42B3642347CB}.Release|Any CPU.Build.0 = Release|Any CPU
		{CFBC20E8-1750-492C-A8AB-B7ACF303B1DF}.Debug|Any CPU.ActiveCfg = Debug|Any CPU
		{CFBC20E8-1750-492C-A8AB-B7ACF303B1DF}.Debug|Any CPU.Build.0 = Debug|Any CPU
		{CFBC20E8-1750-492C-A8AB-B7ACF303B1DF}.Release|Any CPU.ActiveCfg = Release|Any CPU
		{CFBC20E8-1750-492C-A8AB-B7ACF303B1DF}.Release|Any CPU.Build.0 = Release|Any CPU
		{59142692-91A2-447F-A3C5-43C1EE40393A}.Debug|Any CPU.ActiveCfg = Debug|Any CPU
		{59142692-91A2-447F-A3C5-43C1EE40393A}.Debug|Any CPU.Build.0 = Debug|Any CPU
		{59142692-91A2-447F-A3C5-43C1EE40393A}.Release|Any CPU.ActiveCfg = Release|Any CPU
		{59142692-91A2-447F-A3C5-43C1EE40393A}.Release|Any CPU.Build.0 = Release|Any CPU
	EndGlobalSection
	GlobalSection(SolutionProperties) = preSolution
		HideSolutionNode = FALSE
	EndGlobalSection
	GlobalSection(ExtensibilityGlobals) = postSolution
		SolutionGuid = {682C56A1-4B41-480E-BC4B-995F5231DDB3}
	EndGlobalSection
EndGlobal
